// !$*UTF8*$!
{
	archiveVersion = 1;
	classes = {
	};
	objectVersion = 50;
	objects = {

/* Begin PBXBuildFile section */
		6428A7E725B4DBF300F277CB /* TipDividerSwiftUIApp.swift in Sources */ = {isa = PBXBuildFile; fileRef = 6428A7E625B4DBF300F277CB /* TipDividerSwiftUIApp.swift */; };
		6428A7E925B4DBF300F277CB /* ContentView.swift in Sources */ = {isa = PBXBuildFile; fileRef = 6428A7E825B4DBF300F277CB /* ContentView.swift */; };
		6428A7EB25B4DBF600F277CB /* Assets.xcassets in Resources */ = {isa = PBXBuildFile; fileRef = 6428A7EA25B4DBF600F277CB /* Assets.xcassets */; };
		6428A7EE25B4DBF600F277CB /* Preview Assets.xcassets in Resources */ = {isa = PBXBuildFile; fileRef = 6428A7ED25B4DBF600F277CB /* Preview Assets.xcassets */; };
		6428A7F925B4DBF700F277CB /* TipDividerSwiftUITests.swift in Sources */ = {isa = PBXBuildFile; fileRef = 6428A7F825B4DBF700F277CB /* TipDividerSwiftUITests.swift */; };
		6428A80425B4DBF700F277CB /* TipDividerSwiftUIUITests.swift in Sources */ = {isa = PBXBuildFile; fileRef = 6428A80325B4DBF700F277CB /* TipDividerSwiftUIUITests.swift */; };
		64F95B4B25B9BC8F006A8DFD /* Calculator.swift in Sources */ = {isa = PBXBuildFile; fileRef = 64F95B4A25B9BC8F006A8DFD /* Calculator.swift */; };
		64F95B5025B9BC9F006A8DFD /* CalculatorViewModel.swift in Sources */ = {isa = PBXBuildFile; fileRef = 64F95B4F25B9BC9F006A8DFD /* CalculatorViewModel.swift */; };
/* End PBXBuildFile section */

/* Begin PBXContainerItemProxy section */
		6428A7F525B4DBF700F277CB /* PBXContainerItemProxy */ = {
			isa = PBXContainerItemProxy;
			containerPortal = 6428A7DB25B4DBF300F277CB /* Project object */;
			proxyType = 1;
			remoteGlobalIDString = 6428A7E225B4DBF300F277CB;
			remoteInfo = TipDividerSwiftUI;
		};
		6428A80025B4DBF700F277CB /* PBXContainerItemProxy */ = {
			isa = PBXContainerItemProxy;
			containerPortal = 6428A7DB25B4DBF300F277CB /* Project object */;
			proxyType = 1;
			remoteGlobalIDString = 6428A7E225B4DBF300F277CB;
			remoteInfo = TipDividerSwiftUI;
		};
/* End PBXContainerItemProxy section */

/* Begin PBXFileReference section */
		6428A7E325B4DBF300F277CB /* TipDividerSwiftUI.app */ = {isa = PBXFileReference; explicitFileType = wrapper.application; includeInIndex = 0; path = TipDividerSwiftUI.app; sourceTree = BUILT_PRODUCTS_DIR; };
		6428A7E625B4DBF300F277CB /* TipDividerSwiftUIApp.swift */ = {isa = PBXFileReference; lastKnownFileType = sourcecode.swift; path = TipDividerSwiftUIApp.swift; sourceTree = "<group>"; };
		6428A7E825B4DBF300F277CB /* ContentView.swift */ = {isa = PBXFileReference; lastKnownFileType = sourcecode.swift; path = ContentView.swift; sourceTree = "<group>"; };
		6428A7EA25B4DBF600F277CB /* Assets.xcassets */ = {isa = PBXFileReference; lastKnownFileType = folder.assetcatalog; path = Assets.xcassets; sourceTree = "<group>"; };
		6428A7ED25B4DBF600F277CB /* Preview Assets.xcassets */ = {isa = PBXFileReference; lastKnownFileType = folder.assetcatalog; path = "Preview Assets.xcassets"; sourceTree = "<group>"; };
		6428A7EF25B4DBF600F277CB /* Info.plist */ = {isa = PBXFileReference; lastKnownFileType = text.plist.xml; path = Info.plist; sourceTree = "<group>"; };
		6428A7F425B4DBF700F277CB /* TipDividerSwiftUITests.xctest */ = {isa = PBXFileReference; explicitFileType = wrapper.cfbundle; includeInIndex = 0; path = TipDividerSwiftUITests.xctest; sourceTree = BUILT_PRODUCTS_DIR; };
		6428A7F825B4DBF700F277CB /* TipDividerSwiftUITests.swift */ = {isa = PBXFileReference; lastKnownFileType = sourcecode.swift; path = TipDividerSwiftUITests.swift; sourceTree = "<group>"; };
		6428A7FA25B4DBF700F277CB /* Info.plist */ = {isa = PBXFileReference; lastKnownFileType = text.plist.xml; path = Info.plist; sourceTree = "<group>"; };
		6428A7FF25B4DBF700F277CB /* TipDividerSwiftUIUITests.xctest */ = {isa = PBXFileReference; explicitFileType = wrapper.cfbundle; includeInIndex = 0; path = TipDividerSwiftUIUITests.xctest; sourceTree = BUILT_PRODUCTS_DIR; };
		6428A80325B4DBF700F277CB /* TipDividerSwiftUIUITests.swift */ = {isa = PBXFileReference; lastKnownFileType = sourcecode.swift; path = TipDividerSwiftUIUITests.swift; sourceTree = "<group>"; };
		6428A80525B4DBF700F277CB /* Info.plist */ = {isa = PBXFileReference; lastKnownFileType = text.plist.xml; path = Info.plist; sourceTree = "<group>"; };
		64F95B4A25B9BC8F006A8DFD /* Calculator.swift */ = {isa = PBXFileReference; lastKnownFileType = sourcecode.swift; path = Calculator.swift; sourceTree = "<group>"; };
		64F95B4F25B9BC9F006A8DFD /* CalculatorViewModel.swift */ = {isa = PBXFileReference; lastKnownFileType = sourcecode.swift; path = CalculatorViewModel.swift; sourceTree = "<group>"; };
/* End PBXFileReference section */

/* Begin PBXFrameworksBuildPhase section */
		6428A7E025B4DBF300F277CB /* Frameworks */ = {
			isa = PBXFrameworksBuildPhase;
			buildActionMask = 2147483647;
			files = (
			);
			runOnlyForDeploymentPostprocessing = 0;
		};
		6428A7F125B4DBF700F277CB /* Frameworks */ = {
			isa = PBXFrameworksBuildPhase;
			buildActionMask = 2147483647;
			files = (
			);
			runOnlyForDeploymentPostprocessing = 0;
		};
		6428A7FC25B4DBF700F277CB /* Frameworks */ = {
			isa = PBXFrameworksBuildPhase;
			buildActionMask = 2147483647;
			files = (
			);
			runOnlyForDeploymentPostprocessing = 0;
		};
/* End PBXFrameworksBuildPhase section */

/* Begin PBXGroup section */
		6428A7DA25B4DBF300F277CB = {
			isa = PBXGroup;
			children = (
				6428A7E525B4DBF300F277CB /* TipDividerSwiftUI */,
				6428A7F725B4DBF700F277CB /* TipDividerSwiftUITests */,
				6428A80225B4DBF700F277CB /* TipDividerSwiftUIUITests */,
				6428A7E425B4DBF300F277CB /* Products */,
			);
			sourceTree = "<group>";
		};
		6428A7E425B4DBF300F277CB /* Products */ = {
			isa = PBXGroup;
			children = (
				6428A7E325B4DBF300F277CB /* TipDividerSwiftUI.app */,
				6428A7F425B4DBF700F277CB /* TipDividerSwiftUITests.xctest */,
				6428A7FF25B4DBF700F277CB /* TipDividerSwiftUIUITests.xctest */,
			);
			name = Products;
			sourceTree = "<group>";
		};
		6428A7E525B4DBF300F277CB /* TipDividerSwiftUI */ = {
			isa = PBXGroup;
			children = (
				6428A7E625B4DBF300F277CB /* TipDividerSwiftUIApp.swift */,
				6428A7E825B4DBF300F277CB /* ContentView.swift */,
				6428A7EA25B4DBF600F277CB /* Assets.xcassets */,
				6428A7EF25B4DBF600F277CB /* Info.plist */,
				6428A7EC25B4DBF600F277CB /* Preview Content */,
				64F95B4A25B9BC8F006A8DFD /* Calculator.swift */,
				64F95B4F25B9BC9F006A8DFD /* CalculatorViewModel.swift */,
			);
			path = TipDividerSwiftUI;
			sourceTree = "<group>";
		};
		6428A7EC25B4DBF600F277CB /* Preview Content */ = {
			isa = PBXGroup;
			children = (
				6428A7ED25B4DBF600F277CB /* Preview Assets.xcassets */,
			);
			path = "Preview Content";
			sourceTree = "<group>";
		};
		6428A7F725B4DBF700F277CB /* TipDividerSwiftUITests */ = {
			isa = PBXGroup;
			children = (
				6428A7F825B4DBF700F277CB /* TipDividerSwiftUITests.swift */,
				6428A7FA25B4DBF700F277CB /* Info.plist */,
			);
			path = TipDividerSwiftUITests;
			sourceTree = "<group>";
		};
		6428A80225B4DBF700F277CB /* TipDividerSwiftUIUITests */ = {
			isa = PBXGroup;
			children = (
				6428A80325B4DBF700F277CB /* TipDividerSwiftUIUITests.swift */,
				6428A80525B4DBF700F277CB /* Info.plist */,
			);
			path = TipDividerSwiftUIUITests;
			sourceTree = "<group>";
		};
/* End PBXGroup section */

/* Begin PBXNativeTarget section */
		6428A7E225B4DBF300F277CB /* TipDividerSwiftUI */ = {
			isa = PBXNativeTarget;
			buildConfigurationList = 6428A80825B4DBF700F277CB /* Build configuration list for PBXNativeTarget "TipDividerSwiftUI" */;
			buildPhases = (
				6428A7DF25B4DBF300F277CB /* Sources */,
				6428A7E025B4DBF300F277CB /* Frameworks */,
				6428A7E125B4DBF300F277CB /* Resources */,
			);
			buildRules = (
			);
			dependencies = (
			);
			name = TipDividerSwiftUI;
			productName = TipDividerSwiftUI;
			productReference = 6428A7E325B4DBF300F277CB /* TipDividerSwiftUI.app */;
			productType = "com.apple.product-type.application";
		};
		6428A7F325B4DBF700F277CB /* TipDividerSwiftUITests */ = {
			isa = PBXNativeTarget;
			buildConfigurationList = 6428A80B25B4DBF700F277CB /* Build configuration list for PBXNativeTarget "TipDividerSwiftUITests" */;
			buildPhases = (
				6428A7F025B4DBF700F277CB /* Sources */,
				6428A7F125B4DBF700F277CB /* Frameworks */,
				6428A7F225B4DBF700F277CB /* Resources */,
			);
			buildRules = (
			);
			dependencies = (
				6428A7F625B4DBF700F277CB /* PBXTargetDependency */,
			);
			name = TipDividerSwiftUITests;
			productName = TipDividerSwiftUITests;
			productReference = 6428A7F425B4DBF700F277CB /* TipDividerSwiftUITests.xctest */;
			productType = "com.apple.product-type.bundle.unit-test";
		};
		6428A7FE25B4DBF700F277CB /* TipDividerSwiftUIUITests */ = {
			isa = PBXNativeTarget;
			buildConfigurationList = 6428A80E25B4DBF700F277CB /* Build configuration list for PBXNativeTarget "TipDividerSwiftUIUITests" */;
			buildPhases = (
				6428A7FB25B4DBF700F277CB /* Sources */,
				6428A7FC25B4DBF700F277CB /* Frameworks */,
				6428A7FD25B4DBF700F277CB /* Resources */,
			);
			buildRules = (
			);
			dependencies = (
				6428A80125B4DBF700F277CB /* PBXTargetDependency */,
			);
			name = TipDividerSwiftUIUITests;
			productName = TipDividerSwiftUIUITests;
			productReference = 6428A7FF25B4DBF700F277CB /* TipDividerSwiftUIUITests.xctest */;
			productType = "com.apple.product-type.bundle.ui-testing";
		};
/* End PBXNativeTarget section */

/* Begin PBXProject section */
		6428A7DB25B4DBF300F277CB /* Project object */ = {
			isa = PBXProject;
			attributes = {
				LastSwiftUpdateCheck = 1230;
				LastUpgradeCheck = 1230;
				TargetAttributes = {
					6428A7E225B4DBF300F277CB = {
						CreatedOnToolsVersion = 12.3;
					};
					6428A7F325B4DBF700F277CB = {
						CreatedOnToolsVersion = 12.3;
						TestTargetID = 6428A7E225B4DBF300F277CB;
					};
					6428A7FE25B4DBF700F277CB = {
						CreatedOnToolsVersion = 12.3;
						TestTargetID = 6428A7E225B4DBF300F277CB;
					};
				};
			};
			buildConfigurationList = 6428A7DE25B4DBF300F277CB /* Build configuration list for PBXProject "TipDividerSwiftUI" */;
			compatibilityVersion = "Xcode 9.3";
			developmentRegion = en;
			hasScannedForEncodings = 0;
			knownRegions = (
				en,
				Base,
			);
			mainGroup = 6428A7DA25B4DBF300F277CB;
			productRefGroup = 6428A7E425B4DBF300F277CB /* Products */;
			projectDirPath = "";
			projectRoot = "";
			targets = (
				6428A7E225B4DBF300F277CB /* TipDividerSwiftUI */,
				6428A7F325B4DBF700F277CB /* TipDividerSwiftUITests */,
				6428A7FE25B4DBF700F277CB /* TipDividerSwiftUIUITests */,
			);
		};
/* End PBXProject section */

/* Begin PBXResourcesBuildPhase section */
		6428A7E125B4DBF300F277CB /* Resources */ = {
			isa = PBXResourcesBuildPhase;
			buildActionMask = 2147483647;
			files = (
				6428A7EE25B4DBF600F277CB /* Preview Assets.xcassets in Resources */,
				6428A7EB25B4DBF600F277CB /* Assets.xcassets in Resources */,
			);
			runOnlyForDeploymentPostprocessing = 0;
		};
		6428A7F225B4DBF700F277CB /* Resources */ = {
			isa = PBXResourcesBuildPhase;
			buildActionMask = 2147483647;
			files = (
			);
			runOnlyForDeploymentPostprocessing = 0;
		};
		6428A7FD25B4DBF700F277CB /* Resources */ = {
			isa = PBXResourcesBuildPhase;
			buildActionMask = 2147483647;
			files = (
			);
			runOnlyForDeploymentPostprocessing = 0;
		};
/* End PBXResourcesBuildPhase section */

/* Begin PBXSourcesBuildPhase section */
		6428A7DF25B4DBF300F277CB /* Sources */ = {
			isa = PBXSourcesBuildPhase;
			buildActionMask = 2147483647;
			files = (
				6428A7E925B4DBF300F277CB /* ContentView.swift in Sources */,
				6428A7E725B4DBF300F277CB /* TipDividerSwiftUIApp.swift in Sources */,
				64F95B5025B9BC9F006A8DFD /* CalculatorViewModel.swift in Sources */,
				64F95B4B25B9BC8F006A8DFD /* Calculator.swift in Sources */,
			);
			runOnlyForDeploymentPostprocessing = 0;
		};
		6428A7F025B4DBF700F277CB /* Sources */ = {
			isa = PBXSourcesBuildPhase;
			buildActionMask = 2147483647;
			files = (
				6428A7F925B4DBF700F277CB /* TipDividerSwiftUITests.swift in Sources */,
			);
			runOnlyForDeploymentPostprocessing = 0;
		};
		6428A7FB25B4DBF700F277CB /* Sources */ = {
			isa = PBXSourcesBuildPhase;
			buildActionMask = 2147483647;
			files = (
				6428A80425B4DBF700F277CB /* TipDividerSwiftUIUITests.swift in Sources */,
			);
			runOnlyForDeploymentPostprocessing = 0;
		};
/* End PBXSourcesBuildPhase section */

/* Begin PBXTargetDependency section */
		6428A7F625B4DBF700F277CB /* PBXTargetDependency */ = {
			isa = PBXTargetDependency;
			target = 6428A7E225B4DBF300F277CB /* TipDividerSwiftUI */;
			targetProxy = 6428A7F525B4DBF700F277CB /* PBXContainerItemProxy */;
		};
		6428A80125B4DBF700F277CB /* PBXTargetDependency */ = {
			isa = PBXTargetDependency;
			target = 6428A7E225B4DBF300F277CB /* TipDividerSwiftUI */;
			targetProxy = 6428A80025B4DBF700F277CB /* PBXContainerItemProxy */;
		};
/* End PBXTargetDependency section */

/* Begin XCBuildConfiguration section */
		6428A80625B4DBF700F277CB /* Debug */ = {
			isa = XCBuildConfiguration;
			buildSettings = {
				ALWAYS_SEARCH_USER_PATHS = NO;
				CLANG_ANALYZER_NONNULL = YES;
				CLANG_ANALYZER_NUMBER_OBJECT_CONVERSION = YES_AGGRESSIVE;
				CLANG_CXX_LANGUAGE_STANDARD = "gnu++14";
				CLANG_CXX_LIBRARY = "libc++";
				CLANG_ENABLE_MODULES = YES;
				CLANG_ENABLE_OBJC_ARC = YES;
				CLANG_ENABLE_OBJC_WEAK = YES;
				CLANG_WARN_BLOCK_CAPTURE_AUTORELEASING = YES;
				CLANG_WARN_BOOL_CONVERSION = YES;
				CLANG_WARN_COMMA = YES;
				CLANG_WARN_CONSTANT_CONVERSION = YES;
				CLANG_WARN_DEPRECATED_OBJC_IMPLEMENTATIONS = YES;
				CLANG_WARN_DIRECT_OBJC_ISA_USAGE = YES_ERROR;
				CLANG_WARN_DOCUMENTATION_COMMENTS = YES;
				CLANG_WARN_EMPTY_BODY = YES;
				CLANG_WARN_ENUM_CONVERSION = YES;
				CLANG_WARN_INFINITE_RECURSION = YES;
				CLANG_WARN_INT_CONVERSION = YES;
				CLANG_WARN_NON_LITERAL_NULL_CONVERSION = YES;
				CLANG_WARN_OBJC_IMPLICIT_RETAIN_SELF = YES;
				CLANG_WARN_OBJC_LITERAL_CONVERSION = YES;
				CLANG_WARN_OBJC_ROOT_CLASS = YES_ERROR;
				CLANG_WARN_QUOTED_INCLUDE_IN_FRAMEWORK_HEADER = YES;
				CLANG_WARN_RANGE_LOOP_ANALYSIS = YES;
				CLANG_WARN_STRICT_PROTOTYPES = YES;
				CLANG_WARN_SUSPICIOUS_MOVE = YES;
				CLANG_WARN_UNGUARDED_AVAILABILITY = YES_AGGRESSIVE;
				CLANG_WARN_UNREACHABLE_CODE = YES;
				CLANG_WARN__DUPLICATE_METHOD_MATCH = YES;
				COPY_PHASE_STRIP = NO;
				DEBUG_INFORMATION_FORMAT = dwarf;
				ENABLE_STRICT_OBJC_MSGSEND = YES;
				ENABLE_TESTABILITY = YES;
				GCC_C_LANGUAGE_STANDARD = gnu11;
				GCC_DYNAMIC_NO_PIC = NO;
				GCC_NO_COMMON_BLOCKS = YES;
				GCC_OPTIMIZATION_LEVEL = 0;
				GCC_PREPROCESSOR_DEFINITIONS = (
					"DEBUG=1",
					"$(inherited)",
				);
				GCC_WARN_64_TO_32_BIT_CONVERSION = YES;
				GCC_WARN_ABOUT_RETURN_TYPE = YES_ERROR;
				GCC_WARN_UNDECLARED_SELECTOR = YES;
				GCC_WARN_UNINITIALIZED_AUTOS = YES_AGGRESSIVE;
				GCC_WARN_UNUSED_FUNCTION = YES;
				GCC_WARN_UNUSED_VARIABLE = YES;
				IPHONEOS_DEPLOYMENT_TARGET = 14.3;
				MTL_ENABLE_DEBUG_INFO = INCLUDE_SOURCE;
				MTL_FAST_MATH = YES;
				ONLY_ACTIVE_ARCH = YES;
				SDKROOT = iphoneos;
				SWIFT_ACTIVE_COMPILATION_CONDITIONS = DEBUG;
				SWIFT_OPTIMIZATION_LEVEL = "-Onone";
			};
			name = Debug;
		};
		6428A80725B4DBF700F277CB /* Release */ = {
			isa = XCBuildConfiguration;
			buildSettings = {
				ALWAYS_SEARCH_USER_PATHS = NO;
				CLANG_ANALYZER_NONNULL = YES;
				CLANG_ANALYZER_NUMBER_OBJECT_CONVERSION = YES_AGGRESSIVE;
				CLANG_CXX_LANGUAGE_STANDARD = "gnu++14";
				CLANG_CXX_LIBRARY = "libc++";
				CLANG_ENABLE_MODULES = YES;
				CLANG_ENABLE_OBJC_ARC = YES;
				CLANG_ENABLE_OBJC_WEAK = YES;
				CLANG_WARN_BLOCK_CAPTURE_AUTORELEASING = YES;
				CLANG_WARN_BOOL_CONVERSION = YES;
				CLANG_WARN_COMMA = YES;
				CLANG_WARN_CONSTANT_CONVERSION = YES;
				CLANG_WARN_DEPRECATED_OBJC_IMPLEMENTATIONS = YES;
				CLANG_WARN_DIRECT_OBJC_ISA_USAGE = YES_ERROR;
				CLANG_WARN_DOCUMENTATION_COMMENTS = YES;
				CLANG_WARN_EMPTY_BODY = YES;
				CLANG_WARN_ENUM_CONVERSION = YES;
				CLANG_WARN_INFINITE_RECURSION = YES;
				CLANG_WARN_INT_CONVERSION = YES;
				CLANG_WARN_NON_LITERAL_NULL_CONVERSION = YES;
				CLANG_WARN_OBJC_IMPLICIT_RETAIN_SELF = YES;
				CLANG_WARN_OBJC_LITERAL_CONVERSION = YES;
				CLANG_WARN_OBJC_ROOT_CLASS = YES_ERROR;
				CLANG_WARN_QUOTED_INCLUDE_IN_FRAMEWORK_HEADER = YES;
				CLANG_WARN_RANGE_LOOP_ANALYSIS = YES;
				CLANG_WARN_STRICT_PROTOTYPES = YES;
				CLANG_WARN_SUSPICIOUS_MOVE = YES;
				CLANG_WARN_UNGUARDED_AVAILABILITY = YES_AGGRESSIVE;
				CLANG_WARN_UNREACHABLE_CODE = YES;
				CLANG_WARN__DUPLICATE_METHOD_MATCH = YES;
				COPY_PHASE_STRIP = NO;
				DEBUG_INFORMATION_FORMAT = "dwarf-with-dsym";
				ENABLE_NS_ASSERTIONS = NO;
				ENABLE_STRICT_OBJC_MSGSEND = YES;
				GCC_C_LANGUAGE_STANDARD = gnu11;
				GCC_NO_COMMON_BLOCKS = YES;
				GCC_WARN_64_TO_32_BIT_CONVERSION = YES;
				GCC_WARN_ABOUT_RETURN_TYPE = YES_ERROR;
				GCC_WARN_UNDECLARED_SELECTOR = YES;
				GCC_WARN_UNINITIALIZED_AUTOS = YES_AGGRESSIVE;
				GCC_WARN_UNUSED_FUNCTION = YES;
				GCC_WARN_UNUSED_VARIABLE = YES;
				IPHONEOS_DEPLOYMENT_TARGET = 14.3;
				MTL_ENABLE_DEBUG_INFO = NO;
				MTL_FAST_MATH = YES;
				SDKROOT = iphoneos;
				SWIFT_COMPILATION_MODE = wholemodule;
				SWIFT_OPTIMIZATION_LEVEL = "-O";
				VALIDATE_PRODUCT = YES;
			};
			name = Release;
		};
		6428A80925B4DBF700F277CB /* Debug */ = {
			isa = XCBuildConfiguration;
			buildSettings = {
				ASSETCATALOG_COMPILER_APPICON_NAME = AppIcon;
				ASSETCATALOG_COMPILER_GLOBAL_ACCENT_COLOR_NAME = AccentColor;
				CODE_SIGN_STYLE = Automatic;
				DEVELOPMENT_ASSET_PATHS = "\"TipDividerSwiftUI/Preview Content\"";
				DEVELOPMENT_TEAM = KFS7JDA8K2;
				ENABLE_PREVIEWS = YES;
				INFOPLIST_FILE = TipDividerSwiftUI/Info.plist;
				IPHONEOS_DEPLOYMENT_TARGET = 14.0;
				LD_RUNPATH_SEARCH_PATHS = (
					"$(inherited)",
					"@executable_path/Frameworks",
				);
				PRODUCT_BUNDLE_IDENTIFIER = com.eliashall.TipDividerSwiftUI;
				PRODUCT_NAME = "$(TARGET_NAME)";
				SWIFT_VERSION = 5.0;
				TARGETED_DEVICE_FAMILY = "1,2";
			};
			name = Debug;
		};
		6428A80A25B4DBF700F277CB /* Release */ = {
			isa = XCBuildConfiguration;
			buildSettings = {
				ASSETCATALOG_COMPILER_APPICON_NAME = AppIcon;
				ASSETCATALOG_COMPILER_GLOBAL_ACCENT_COLOR_NAME = AccentColor;
				CODE_SIGN_STYLE = Automatic;
				DEVELOPMENT_ASSET_PATHS = "\"TipDividerSwiftUI/Preview Content\"";
				DEVELOPMENT_TEAM = KFS7JDA8K2;
				ENABLE_PREVIEWS = YES;
				INFOPLIST_FILE = TipDividerSwiftUI/Info.plist;
				IPHONEOS_DEPLOYMENT_TARGET = 14.0;
				LD_RUNPATH_SEARCH_PATHS = (
					"$(inherited)",
					"@executable_path/Frameworks",
				);
				PRODUCT_BUNDLE_IDENTIFIER = com.eliashall.TipDividerSwiftUI;
				PRODUCT_NAME = "$(TARGET_NAME)";
				SWIFT_VERSION = 5.0;
				TARGETED_DEVICE_FAMILY = "1,2";
			};
			name = Release;
		};
		6428A80C25B4DBF700F277CB /* Debug */ = {
			isa = XCBuildConfiguration;
			buildSettings = {
				ALWAYS_EMBED_SWIFT_STANDARD_LIBRARIES = YES;
				BUNDLE_LOADER = "$(TEST_HOST)";
				CODE_SIGN_STYLE = Automatic;
				DEVELOPMENT_TEAM = KFS7JDA8K2;
				INFOPLIST_FILE = TipDividerSwiftUITests/Info.plist;
				IPHONEOS_DEPLOYMENT_TARGET = 14.0;
				LD_RUNPATH_SEARCH_PATHS = (
					"$(inherited)",
					"@executable_path/Frameworks",
					"@loader_path/Frameworks",
				);
				PRODUCT_BUNDLE_IDENTIFIER = com.eliashall.TipDividerSwiftUITests;
				PRODUCT_NAME = "$(TARGET_NAME)";
				SWIFT_VERSION = 5.0;
				TARGETED_DEVICE_FAMILY = "1,2";
				TEST_HOST = "$(BUILT_PRODUCTS_DIR)/TipDividerSwiftUI.app/TipDividerSwiftUI";
			};
			name = Debug;
		};
		6428A80D25B4DBF700F277CB /* Release */ = {
			isa = XCBuildConfiguration;
			buildSettings = {
				ALWAYS_EMBED_SWIFT_STANDARD_LIBRARIES = YES;
				BUNDLE_LOADER = "$(TEST_HOST)";
				CODE_SIGN_STYLE = Automatic;
				DEVELOPMENT_TEAM = KFS7JDA8K2;
				INFOPLIST_FILE = TipDividerSwiftUITests/Info.plist;
				IPHONEOS_DEPLOYMENT_TARGET = 14.0;
				LD_RUNPATH_SEARCH_PATHS = (
					"$(inherited)",
					"@executable_path/Frameworks",
					"@loader_path/Frameworks",
				);
				PRODUCT_BUNDLE_IDENTIFIER = com.eliashall.TipDividerSwiftUITests;
				PRODUCT_NAME = "$(TARGET_NAME)";
				SWIFT_VERSION = 5.0;
				TARGETED_DEVICE_FAMILY = "1,2";
				TEST_HOST = "$(BUILT_PRODUCTS_DIR)/TipDividerSwiftUI.app/TipDividerSwiftUI";
			};
			name = Release;
		};
		6428A80F25B4DBF700F277CB /* Debug */ = {
			isa = XCBuildConfiguration;
			buildSettings = {
				ALWAYS_EMBED_SWIFT_STANDARD_LIBRARIES = YES;
				CODE_SIGN_STYLE = Automatic;
				DEVELOPMENT_TEAM = KFS7JDA8K2;
				INFOPLIST_FILE = TipDividerSwiftUIUITests/Info.plist;
				LD_RUNPATH_SEARCH_PATHS = (
					"$(inherited)",
					"@executable_path/Frameworks",
					"@loader_path/Frameworks",
				);
				PRODUCT_BUNDLE_IDENTIFIER = com.eliashall.TipDividerSwiftUIUITests;
				PRODUCT_NAME = "$(TARGET_NAME)";
				SWIFT_VERSION = 5.0;
				TARGETED_DEVICE_FAMILY = "1,2";
				TEST_TARGET_NAME = TipDividerSwiftUI;
			};
			name = Debug;
		};
		6428A81025B4DBF700F277CB /* Release */ = {
			isa = XCBuildConfiguration;
			buildSettings = {
				ALWAYS_EMBED_SWIFT_STANDARD_LIBRARIES = YES;
				CODE_SIGN_STYLE = Automatic;
				DEVELOPMENT_TEAM = KFS7JDA8K2;
				INFOPLIST_FILE = TipDividerSwiftUIUITests/Info.plist;
				LD_RUNPATH_SEARCH_PATHS = (
					"$(inherited)",
					"@executable_path/Frameworks",
					"@loader_path/Frameworks",
				);
				PRODUCT_BUNDLE_IDENTIFIER = com.eliashall.TipDividerSwiftUIUITests;
				PRODUCT_NAME = "$(TARGET_NAME)";
				SWIFT_VERSION = 5.0;
				TARGETED_DEVICE_FAMILY = "1,2";
				TEST_TARGET_NAME = TipDividerSwiftUI;
			};
			name = Release;
		};
/* End XCBuildConfiguration section */

/* Begin XCConfigurationList section */
		6428A7DE25B4DBF300F277CB /* Build configuration list for PBXProject "TipDividerSwiftUI" */ = {
			isa = XCConfigurationList;
			buildConfigurations = (
				6428A80625B4DBF700F277CB /* Debug */,
				6428A80725B4DBF700F277CB /* Release */,
			);
			defaultConfigurationIsVisible = 0;
			defaultConfigurationName = Release;
		};
		6428A80825B4DBF700F277CB /* Build configuration list for PBXNativeTarget "TipDividerSwiftUI" */ = {
			isa = XCConfigurationList;
			buildConfigurations = (
				6428A80925B4DBF700F277CB /* Debug */,
				6428A80A25B4DBF700F277CB /* Release */,
			);
			defaultConfigurationIsVisible = 0;
			defaultConfigurationName = Release;
		};
		6428A80B25B4DBF700F277CB /* Build configuration list for PBXNativeTarget "TipDividerSwiftUITests" */ = {
			isa = XCConfigurationList;
			buildConfigurations = (
				6428A80C25B4DBF700F277CB /* Debug */,
				6428A80D25B4DBF700F277CB /* Release */,
			);
			defaultConfigurationIsVisible = 0;
			defaultConfigurationName = Release;
		};
		6428A80E25B4DBF700F277CB /* Build configuration list for PBXNativeTarget "TipDividerSwiftUIUITests" */ = {
			isa = XCConfigurationList;
			buildConfigurations = (
				6428A80F25B4DBF700F277CB /* Debug */,
				6428A81025B4DBF700F277CB /* Release */,
			);
			defaultConfigurationIsVisible = 0;
			defaultConfigurationName = Release;
		};
/* End XCConfigurationList section */
	};
	rootObject = 6428A7DB25B4DBF300F277CB /* Project object */;
}
